Microsoft Visual Studio Solution File, Format Version 12.00
# Visual Studio 15
VisualStudioVersion = 15.0.26730.3
MinimumVisualStudioVersion = 15.0.26124.0
Project("{9A19103F-16F7-4668-BE54-9A1E7A4F7556}") = "Well.Cmd", "Well.Cmd\Well.Cmd.csproj", "{77E3F1B0-2EEF-4237-BAC2-AB35EA00E3E7}"
EndProject
Project("{9A19103F-16F7-4668-BE54-9A1E7A4F7556}") = "Well.Core", "Well.Core\Well.Core.csproj", "{92FCF829-B028-4830-B41E-71CD74BDB97E}"
EndProject
Project("{FAE04EC0-301F-11D3-BF4B-00C04F79EFBC}") = "Well.Algebra", "Well.Algebra\Well.Algebra.csproj", "{5CC27671-794B-44BD-A0DE-5FB44F065E3E}"
EndProject
Project("{2150E333-8FDC-42A3-9474-1A3956D46DE8}") = "Tests", "Tests", "{A63DA814-77E4-46D2-B8B2-4494B0EF7EDB}"
EndProject
Project("{FAE04EC0-301F-11D3-BF4B-00C04F79EFBC}") = "Well.Algebra.Tests", "Tests\Well.Algebra.Tests\Well.Algebra.Tests.csproj", "{2E4370CB-21A1-4370-9BA9-3E42D5F8D905}"
EndProject
Project("{FAE04EC0-301F-11D3-BF4B-00C04F79EFBC}") = "Well.Calculator", "Well.Calculator\Well.Calculator.csproj", "{8F17F84C-A7EF-4A73-9A0C-54B06824A97A}"
EndProject
Global
	GlobalSection(SolutionConfigurationPlatforms) = preSolution
		Debug|Any CPU = Debug|Any CPU
		Debug|x64 = Debug|x64
		Debug|x86 = Debug|x86
		Release|Any CPU = Release|Any CPU
		Release|x64 = Release|x64
		Release|x86 = Release|x86
	EndGlobalSection
	GlobalSection(ProjectConfigurationPlatforms) = postSolution
		{77E3F1B0-2EEF-4237-BAC2-AB35EA00E3E7}.Debug|Any CPU.ActiveCfg = Debug|Any CPU
		{77E3F1B0-2EEF-4237-BAC2-AB35EA00E3E7}.Debug|Any CPU.Build.0 = Debug|Any CPU
		{77E3F1B0-2EEF-4237-BAC2-AB35EA00E3E7}.Debug|x64.ActiveCfg = Debug|Any CPU
		{77E3F1B0-2EEF-4237-BAC2-AB35EA00E3E7}.Debug|x64.Build.0 = Debug|Any CPU
		{77E3F1B0-2EEF-4237-BAC2-AB35EA00E3E7}.Debug|x86.ActiveCfg = Debug|Any CPU
		{77E3F1B0-2EEF-4237-BAC2-AB35EA00E3E7}.Debug|x86.Build.0 = Debug|Any CPU
		{77E3F1B0-2EEF-4237-BAC2-AB35EA00E3E7}.Release|Any CPU.ActiveCfg = Release|Any CPU
		{77E3F1B0-2EEF-4237-BAC2-AB35EA00E3E7}.Release|Any CPU.Build.0 = Release|Any CPU
		{77E3F1B0-2EEF-4237-BAC2-AB35EA00E3E7}.Release|x64.ActiveCfg = Release|Any CPU
		{77E3F1B0-2EEF-4237-BAC2-AB35EA00E3E7}.Release|x64.Build.0 = Release|Any CPU
		{77E3F1B0-2EEF-4237-BAC2-AB35EA00E3E7}.Release|x86.ActiveCfg = Release|Any CPU
		{77E3F1B0-2EEF-4237-BAC2-AB35EA00E3E7}.Release|x86.Build.0 = Release|Any CPU
		{92FCF829-B028-4830-B41E-71CD74BDB97E}.Debug|Any CPU.ActiveCfg = Debug|Any CPU
		{92FCF829-B028-4830-B41E-71CD74BDB97E}.Debug|Any CPU.Build.0 = Debug|Any CPU
		{92FCF829-B028-4830-B41E-71CD74BDB97E}.Debug|x64.ActiveCfg = Debug|Any CPU
		{92FCF829-B028-4830-B41E-71CD74BDB97E}.Debug|x64.Build.0 = Debug|Any CPU
		{92FCF829-B028-4830-B41E-71CD74BDB97E}.Debug|x86.ActiveCfg = Debug|Any CPU
		{92FCF829-B028-4830-B41E-71CD74BDB97E}.Debug|x86.Build.0 = Debug|Any CPU
		{92FCF829-B028-4830-B41E-71CD74BDB97E}.Release|Any CPU.ActiveCfg = Release|Any CPU
		{92FCF829-B028-4830-B41E-71CD74BDB97E}.Release|Any CPU.Build.0 = Release|Any CPU
		{92FCF829-B028-4830-B41E-71CD74BDB97E}.Release|x64.ActiveCfg = Release|Any CPU
		{92FCF829-B028-4830-B41E-71CD74BDB97E}.Release|x64.Build.0 = Release|Any CPU
		{92FCF829-B028-4830-B41E-71CD74BDB97E}.Release|x86.ActiveCfg = Release|Any CPU
		{92FCF829-B028-4830-B41E-71CD74BDB97E}.Release|x86.Build.0 = Release|Any CPU
		{5CC27671-794B-44BD-A0DE-5FB44F065E3E}.Debug|Any CPU.ActiveCfg = Debug|Any CPU
		{5CC27671-794B-44BD-A0DE-5FB44F065E3E}.Debug|Any CPU.Build.0 = Debug|Any CPU
		{5CC27671-794B-44BD-A0DE-5FB44F065E3E}.Debug|x64.ActiveCfg = Debug|Any CPU
		{5CC27671-794B-44BD-A0DE-5FB44F065E3E}.Debug|x64.Build.0 = Debug|Any CPU
		{5CC27671-794B-44BD-A0DE-5FB44F065E3E}.Debug|x86.ActiveCfg = Debug|Any CPU
		{5CC27671-794B-44BD-A0DE-5FB44F065E3E}.Debug|x86.Build.0 = Debug|Any CPU
		{5CC27671-794B-44BD-A0DE-5FB44F065E3E}.Release|Any CPU.ActiveCfg = Release|Any CPU
		{5CC27671-794B-44BD-A0DE-5FB44F065E3E}.Release|Any CPU.Build.0 = Release|Any CPU
		{5CC27671-794B-44BD-A0DE-5FB44F065E3E}.Release|x64.ActiveCfg = Release|Any CPU
		{5CC27671-794B-44BD-A0DE-5FB44F065E3E}.Release|x64.Build.0 = Release|Any CPU
		{5CC27671-794B-44BD-A0DE-5FB44F065E3E}.Release|x86.ActiveCfg = Release|Any CPU
		{5CC27671-794B-44BD-A0DE-5FB44F065E3E}.Release|x86.Build.0 = Release|Any CPU
		{2E4370CB-21A1-4370-9BA9-3E42D5F8D905}.Debug|Any CPU.ActiveCfg = Debug|Any CPU
		{2E4370CB-21A1-4370-9BA9-3E42D5F8D905}.Debug|Any CPU.Build.0 = Debug|Any CPU
		{2E4370CB-21A1-4370-9BA9-3E42D5F8D905}.Debug|x64.ActiveCfg = Debug|x64
		{2E4370CB-21A1-4370-9BA9-3E42D5F8D905}.Debug|x64.Build.0 = Debug|x64
		{2E4370CB-21A1-4370-9BA9-3E42D5F8D905}.Debug|x86.ActiveCfg = Debug|x86
		{2E4370CB-21A1-4370-9BA9-3E42D5F8D905}.Debug|x86.Build.0 = Debug|x86
		{2E4370CB-21A1-4370-9BA9-3E42D5F8D905}.Release|Any CPU.ActiveCfg = Release|Any CPU
		{2E4370CB-21A1-4370-9BA9-3E42D5F8D905}.Release|Any CPU.Build.0 = Release|Any CPU
		{2E4370CB-21A1-4370-9BA9-3E42D5F8D905}.Release|x64.ActiveCfg = Release|x64
		{2E4370CB-21A1-4370-9BA9-3E42D5F8D905}.Release|x64.Build.0 = Release|x64
		{2E4370CB-21A1-4370-9BA9-3E42D5F8D905}.Release|x86.ActiveCfg = Release|x86
		{2E4370CB-21A1-4370-9BA9-3E42D5F8D905}.Release|x86.Build.0 = Release|x86
		{8F17F84C-A7EF-4A73-9A0C-54B06824A97A}.Debug|Any CPU.ActiveCfg = Debug|Any CPU
		{8F17F84C-A7EF-4A73-9A0C-54B06824A97A}.Debug|Any CPU.Build.0 = Debug|Any CPU
		{8F17F84C-A7EF-4A73-9A0C-54B06824A97A}.Debug|x64.ActiveCfg = Debug|x64
		{8F17F84C-A7EF-4A73-9A0C-54B06824A97A}.Debug|x64.Build.0 = Debug|x64
		{8F17F84C-A7EF-4A73-9A0C-54B06824A97A}.Debug|x86.ActiveCfg = Debug|x86
		{8F17F84C-A7EF-4A73-9A0C-54B06824A97A}.Debug|x86.Build.0 = Debug|x86
		{8F17F84C-A7EF-4A73-9A0C-54B06824A97A}.Release|Any CPU.ActiveCfg = Release|Any CPU
		{8F17F84C-A7EF-4A73-9A0C-54B06824A97A}.Release|Any CPU.Build.0 = Release|Any CPU
		{8F17F84C-A7EF-4A73-9A0C-54B06824A97A}.Release|x64.ActiveCfg = Release|x64
		{8F17F84C-A7EF-4A73-9A0C-54B06824A97A}.Release|x64.Build.0 = Release|x64
		{8F17F84C-A7EF-4A73-9A0C-54B06824A97A}.Release|x86.ActiveCfg = Release|x86
		{8F17F84C-A7EF-4A73-9A0C-54B06824A97A}.Release|x86.Build.0 = Release|x86
	EndGlobalSection
	GlobalSection(SolutionProperties) = preSolution
		HideSolutionNode = FALSE
	EndGlobalSection
	GlobalSection(ExtensibilityGlobals) = postSolution
		SolutionGuid = {DFFCFEB7-1196-49A6-AC1C-31416D530DB9}
	EndGlobalSection
	GlobalSection(NestedProjects) = preSolution
		{2E4370CB-21A1-4370-9BA9-3E42D5F8D905} = {A63DA814-77E4-46D2-B8B2-4494B0EF7EDB}
	EndGlobalSection
EndGlobal
